
Microsoft Visual Studio Solution File, Format Version 12.00
# Visual Studio 2013
VisualStudioVersion = 12.0.31101.0
MinimumVisualStudioVersion = 10.0.40219.1
Project("{FAE04EC0-301F-11D3-BF4B-00C04F79EFBC}") = "Chat.Server", "Chat.Server\Chat.Server.csproj", "{F51FA8EA-DD2B-48EE-9A80-7222AC15BF27}"
EndProject
Project("{FAE04EC0-301F-11D3-BF4B-00C04F79EFBC}") = "Chat.ClientApplication", "Chat.ClientApplication\Chat.ClientApplication.csproj", "{E67C7E2D-62E6-4173-9A87-BBDF0AAE8002}"
EndProject
Project("{FAE04EC0-301F-11D3-BF4B-00C04F79EFBC}") = "Chat.Common", "Chat.Common\Chat.Common.csproj", "{0D612ABE-BAB3-4C7C-90A7-61CA135F7076}"
EndProject
Global
	GlobalSection(SolutionConfigurationPlatforms) = preSolution
		Debug|Any CPU = Debug|Any CPU
		Release|Any CPU = Release|Any CPU
	EndGlobalSection
	GlobalSection(ProjectConfigurationPlatforms) = postSolution
		{F51FA8EA-DD2B-48EE-9A80-7222AC15BF27}.Debug|Any CPU.ActiveCfg = Debug|Any CPU
		{F51FA8EA-DD2B-48EE-9A80-7222AC15BF27}.Debug|Any CPU.Build.0 = Debug|Any CPU
		{F51FA8EA-DD2B-48EE-9A80-7222AC15BF27}.Release|Any CPU.ActiveCfg = Release|Any CPU
		{F51FA8EA-DD2B-48EE-9A80-7222AC15BF27}.Release|Any CPU.Build.0 = Release|Any CPU
		{E67C7E2D-62E6-4173-9A87-BBDF0AAE8002}.Debug|Any CPU.ActiveCfg = Debug|Any CPU
		{E67C7E2D-62E6-4173-9A87-BBDF0AAE8002}.Debug|Any CPU.Build.0 = Debug|Any CPU
		{E67C7E2D-62E6-4173-9A87-BBDF0AAE8002}.Release|Any CPU.ActiveCfg = Release|Any CPU
		{E67C7E2D-62E6-4173-9A87-BBDF0AAE8002}.Release|Any CPU.Build.0 = Release|Any CPU
		{0D612ABE-BAB3-4C7C-90A7-61CA135F7076}.Debug|Any CPU.ActiveCfg = Debug|Any CPU
		{0D612ABE-BAB3-4C7C-90A7-61CA135F7076}.Debug|Any CPU.Build.0 = Debug|Any CPU
		{0D612ABE-BAB3-4C7C-90A7-61CA135F7076}.Release|Any CPU.ActiveCfg = Release|Any CPU
		{0D612ABE-BAB3-4C7C-90A7-61CA135F7076}.Release|Any CPU.Build.0 = Release|Any CPU
	EndGlobalSection
	GlobalSection(SolutionProperties) = preSolution
		HideSolutionNode = FALSE
	EndGlobalSection
EndGlobal
